
Microsoft Visual Studio Solution File, Format Version 12.00
# Visual Studio Version 16
VisualStudioVersion = 16.0.30413.136
MinimumVisualStudioVersion = 10.0.40219.1
Project("{FAE04EC0-301F-11D3-BF4B-00C04F79EFBC}") = "RONDOM", "RONDOM\RONDOM.csproj", "{C91C77F3-212E-4526-98D6-83C7E3A0FDFB}"
EndProject
Global
	GlobalSection(SolutionConfigurationPlatforms) = preSolution
		Debug|Any CPU = Debug|Any CPU
		Release|Any CPU = Release|Any CPU
	EndGlobalSection
	GlobalSection(ProjectConfigurationPlatforms) = postSolution
		{C91C77F3-212E-4526-98D6-83C7E3A0FDFB}.Debug|Any CPU.ActiveCfg = Debug|Any CPU
		{C91C77F3-212E-4526-98D6-83C7E3A0FDFB}.Debug|Any CPU.Build.0 = Debug|Any CPU
		{C91C77F3-212E-4526-98D6-83C7E3A0FDFB}.Release|Any CPU.ActiveCfg = Release|Any CPU
		{C91C77F3-212E-4526-98D6-83C7E3A0FDFB}.Release|Any CPU.Build.0 = Release|Any CPU
	EndGlobalSection
	GlobalSection(SolutionProperties) = preSolution
		HideSolutionNode = FALSE
	EndGlobalSection
	GlobalSection(ExtensibilityGlobals) = postSolution
		SolutionGuid = {48E55593-DF0E-45B3-8CAB-03B4655C682F}
	EndGlobalSection
EndGlobal
